{
  "nodes": {
    "flakeNimbleLib": {
      "inputs": {
        "nixpkgs": [
          "nixpkgs"
        ]
      },
      "locked": {
        "lastModified": 1662018438,
        "narHash": "sha256-QtNtU6+LX3Wokxf0zlFwKTFOcn6TeDjKQZ+DA9OYtvM=",
        "owner": "riinr",
        "repo": "nim-flakes-lib",
        "rev": "b1fe8340736e3a85d25c709ac3dfd82a55c03cbf",
        "type": "github"
      },
      "original": {
        "owner": "riinr",
        "ref": "master",
        "repo": "nim-flakes-lib",
        "type": "github"
      }
    },
    "nixpkgs": {
      "locked": {
        "lastModified": 1667199707,
        "narHash": "sha256-I2Js3Y7gUyVSEXPULHlBoRek4Lh85vnevdS6mdvDNLI=",
        "owner": "NixOS",
        "repo": "nixpkgs",
        "rev": "ced197be72099edcfa68ebed8b87af7b04851f45",
        "type": "github"
      },
      "original": {
        "id": "nixpkgs",
        "type": "indirect"
      }
    },
    "romans-master": {
      "inputs": {
        "flakeNimbleLib": [
          "flakeNimbleLib"
        ],
        "nixpkgs": [
          "nixpkgs"
        ],
        "src-romans-master": "src-romans-master"
      },
      "locked": {
        "dir": "master",
        "lastModified": 1667322637,
        "narHash": "sha256-GzaMBdyKu5kfuAeM9+f3swN2/EM4D4wJCZw1oWljJwE=",
        "owner": "nim-nix-pkgs",
        "repo": "romans",
        "rev": "22274ac9a04cbf0f8950aefd4cea7193007cd57f",
        "type": "github"
      },
      "original": {
        "dir": "master",
        "owner": "nim-nix-pkgs",
        "ref": "master",
        "repo": "romans",
        "type": "github"
      }
    },
    "root": {
      "inputs": {
        "flakeNimbleLib": "flakeNimbleLib",
        "nixpkgs": "nixpkgs",
        "romans-master": "romans-master"
      }
    },
    "src-romans-master": {
      "flake": false,
      "locked": {
        "lastModified": 1509477886,
        "narHash": "sha256-38XKnblWE9d++hpIcirxy0nJs8E0FJLFqRbwA73k9nk=",
        "owner": "lcrees",
        "repo": "romans",
        "rev": "b2f93e8d167d1d9b313462a4b5e484147e7bb665",
        "type": "github"
      },
      "original": {
        "owner": "lcrees",
        "ref": "refs/heads/master",
        "repo": "romans",
        "type": "github"
      }
    }
  },
  "root": "root",
  "version": 7
}
